
Microsoft Visual Studio Solution File, Format Version 12.00
# Visual Studio 2012
Project("{FAE04EC0-301F-11D3-BF4B-00C04F79EFBC}") = "WindowsFormsApplication4", "WindowsFormsApplication4\WindowsFormsApplication4.csproj", "{774C06F3-6404-42BA-90C2-B926AF96D22D}"
EndProject
Project("{FAE04EC0-301F-11D3-BF4B-00C04F79EFBC}") = "WindowsFormsApplication1", "WindowsFormsApplication1\WindowsFormsApplication1.csproj", "{6C52E733-E7F9-4EDD-BA83-B0140AB87FD1}"
EndProject
Global
	GlobalSection(SolutionConfigurationPlatforms) = preSolution
		Debug|Any CPU = Debug|Any CPU
		Release|Any CPU = Release|Any CPU
	EndGlobalSection
	GlobalSection(ProjectConfigurationPlatforms) = postSolution
		{774C06F3-6404-42BA-90C2-B926AF96D22D}.Debug|Any CPU.ActiveCfg = Debug|Any CPU
		{774C06F3-6404-42BA-90C2-B926AF96D22D}.Debug|Any CPU.Build.0 = Debug|Any CPU
		{774C06F3-6404-42BA-90C2-B926AF96D22D}.Release|Any CPU.ActiveCfg = Release|Any CPU
		{774C06F3-6404-42BA-90C2-B926AF96D22D}.Release|Any CPU.Build.0 = Release|Any CPU
		{6C52E733-E7F9-4EDD-BA83-B0140AB87FD1}.Debug|Any CPU.ActiveCfg = Debug|Any CPU
		{6C52E733-E7F9-4EDD-BA83-B0140AB87FD1}.Debug|Any CPU.Build.0 = Debug|Any CPU
		{6C52E733-E7F9-4EDD-BA83-B0140AB87FD1}.Release|Any CPU.ActiveCfg = Release|Any CPU
		{6C52E733-E7F9-4EDD-BA83-B0140AB87FD1}.Release|Any CPU.Build.0 = Release|Any CPU
	EndGlobalSection
	GlobalSection(SolutionProperties) = preSolution
		HideSolutionNode = FALSE
	EndGlobalSection
EndGlobal
